
Microsoft Visual Studio Solution File, Format Version 12.00
# Visual Studio Version 17
VisualStudioVersion = 17.5.33530.505
MinimumVisualStudioVersion = 10.0.40219.1
Project("{FAE04EC0-301F-11D3-BF4B-00C04F79EFBC}") = "ClickUp Workflows", "ClickUp Workflows\ClickUp Workflows.csproj", "{24D10B61-E478-46EB-B271-B0DA80D7AE66}"
EndProject
Global
	GlobalSection(SolutionConfigurationPlatforms) = preSolution
		Debug|Any CPU = Debug|Any CPU
		Release|Any CPU = Release|Any CPU
	EndGlobalSection
	GlobalSection(ProjectConfigurationPlatforms) = postSolution
		{24D10B61-E478-46EB-B271-B0DA80D7AE66}.Debug|Any CPU.ActiveCfg = Debug|Any CPU
		{24D10B61-E478-46EB-B271-B0DA80D7AE66}.Debug|Any CPU.Build.0 = Debug|Any CPU
		{24D10B61-E478-46EB-B271-B0DA80D7AE66}.Release|Any CPU.ActiveCfg = Release|Any CPU
		{24D10B61-E478-46EB-B271-B0DA80D7AE66}.Release|Any CPU.Build.0 = Release|Any CPU
	EndGlobalSection
	GlobalSection(SolutionProperties) = preSolution
		HideSolutionNode = FALSE
	EndGlobalSection
	GlobalSection(ExtensibilityGlobals) = postSolution
		SolutionGuid = {20E87D30-AE45-4E0F-9E35-BDD3AE25F400}
	EndGlobalSection
EndGlobal
